
Microsoft Visual Studio Solution File, Format Version 12.00
# Visual Studio 14
VisualStudioVersion = 14.0.23107.0
MinimumVisualStudioVersion = 10.0.40219.1
Project("{FAE04EC0-301F-11D3-BF4B-00C04F79EFBC}") = "Worker", "Worker\Worker.csproj", "{F84AAB27-88E2-4D80-90CE-ABF80489FEF9}"
EndProject
Project("{FAE04EC0-301F-11D3-BF4B-00C04F79EFBC}") = "Common", "Common\Common.csproj", "{54C59314-C7FE-4790-829C-02C1B3279621}"
EndProject
Project("{FAE04EC0-301F-11D3-BF4B-00C04F79EFBC}") = "Server", "Server\Server.csproj", "{C064559A-7A6D-4EB6-BFF3-D96574FECB80}"
EndProject
Global
	GlobalSection(SolutionConfigurationPlatforms) = preSolution
		Debug|Any CPU = Debug|Any CPU
		Release|Any CPU = Release|Any CPU
	EndGlobalSection
	GlobalSection(ProjectConfigurationPlatforms) = postSolution
		{F84AAB27-88E2-4D80-90CE-ABF80489FEF9}.Debug|Any CPU.ActiveCfg = Debug|Any CPU
		{F84AAB27-88E2-4D80-90CE-ABF80489FEF9}.Debug|Any CPU.Build.0 = Debug|Any CPU
		{F84AAB27-88E2-4D80-90CE-ABF80489FEF9}.Release|Any CPU.ActiveCfg = Release|Any CPU
		{F84AAB27-88E2-4D80-90CE-ABF80489FEF9}.Release|Any CPU.Build.0 = Release|Any CPU
		{54C59314-C7FE-4790-829C-02C1B3279621}.Debug|Any CPU.ActiveCfg = Debug|Any CPU
		{54C59314-C7FE-4790-829C-02C1B3279621}.Debug|Any CPU.Build.0 = Debug|Any CPU
		{54C59314-C7FE-4790-829C-02C1B3279621}.Release|Any CPU.ActiveCfg = Release|Any CPU
		{54C59314-C7FE-4790-829C-02C1B3279621}.Release|Any CPU.Build.0 = Release|Any CPU
		{C064559A-7A6D-4EB6-BFF3-D96574FECB80}.Debug|Any CPU.ActiveCfg = Debug|Any CPU
		{C064559A-7A6D-4EB6-BFF3-D96574FECB80}.Debug|Any CPU.Build.0 = Debug|Any CPU
		{C064559A-7A6D-4EB6-BFF3-D96574FECB80}.Release|Any CPU.ActiveCfg = Release|Any CPU
		{C064559A-7A6D-4EB6-BFF3-D96574FECB80}.Release|Any CPU.Build.0 = Release|Any CPU
	EndGlobalSection
	GlobalSection(SolutionProperties) = preSolution
		HideSolutionNode = FALSE
	EndGlobalSection
EndGlobal
